
Microsoft Visual Studio Solution File, Format Version 12.00
# Visual Studio Version 17
VisualStudioVersion = 17.14.37111.16 d17.14
MinimumVisualStudioVersion = 10.0.40219.1
Project("{FAE04EC0-301F-11D3-BF4B-00C04F79EFBC}") = "WPF", "WPF\WPF.csproj", "{94EF2EAA-B55F-462E-8E61-519A6F2FA34B}"
EndProject
Project("{FAE04EC0-301F-11D3-BF4B-00C04F79EFBC}") = "Grid", "Grid\Grid.csproj", "{38240682-B370-4C4C-8DF5-6DAF1844BE56}"
EndProject
Project("{FAE04EC0-301F-11D3-BF4B-00C04F79EFBC}") = "Binding", "Binding\Binding.csproj", "{F1F2CBC2-0185-4616-9FAB-7B02023F8DE6}"
EndProject
Global
	GlobalSection(SolutionConfigurationPlatforms) = preSolution
		Debug|Any CPU = Debug|Any CPU
		Release|Any CPU = Release|Any CPU
	EndGlobalSection
	GlobalSection(ProjectConfigurationPlatforms) = postSolution
		{94EF2EAA-B55F-462E-8E61-519A6F2FA34B}.Debug|Any CPU.ActiveCfg = Debug|Any CPU
		{94EF2EAA-B55F-462E-8E61-519A6F2FA34B}.Debug|Any CPU.Build.0 = Debug|Any CPU
		{94EF2EAA-B55F-462E-8E61-519A6F2FA34B}.Release|Any CPU.ActiveCfg = Release|Any CPU
		{94EF2EAA-B55F-462E-8E61-519A6F2FA34B}.Release|Any CPU.Build.0 = Release|Any CPU
		{38240682-B370-4C4C-8DF5-6DAF1844BE56}.Debug|Any CPU.ActiveCfg = Debug|Any CPU
		{38240682-B370-4C4C-8DF5-6DAF1844BE56}.Debug|Any CPU.Build.0 = Debug|Any CPU
		{38240682-B370-4C4C-8DF5-6DAF1844BE56}.Release|Any CPU.ActiveCfg = Release|Any CPU
		{38240682-B370-4C4C-8DF5-6DAF1844BE56}.Release|Any CPU.Build.0 = Release|Any CPU
		{F1F2CBC2-0185-4616-9FAB-7B02023F8DE6}.Debug|Any CPU.ActiveCfg = Debug|Any CPU
		{F1F2CBC2-0185-4616-9FAB-7B02023F8DE6}.Debug|Any CPU.Build.0 = Debug|Any CPU
		{F1F2CBC2-0185-4616-9FAB-7B02023F8DE6}.Release|Any CPU.ActiveCfg = Release|Any CPU
		{F1F2CBC2-0185-4616-9FAB-7B02023F8DE6}.Release|Any CPU.Build.0 = Release|Any CPU
	EndGlobalSection
	GlobalSection(SolutionProperties) = preSolution
		HideSolutionNode = FALSE
	EndGlobalSection
	GlobalSection(ExtensibilityGlobals) = postSolution
		SolutionGuid = {F122231C-0D94-4E79-B93F-55CA8E1C8EFF}
	EndGlobalSection
EndGlobal
